// !$*UTF8*$!
{
	archiveVersion = 1;
	classes = {
	};
	objectVersion = 56;
	objects = {

/* Begin PBXBuildFile section */
		290328EB29376EFF00D79D67 /* TextNoteViewController.swift in Sources */ = {isa = PBXBuildFile; fileRef = 290328EA29376EFF00D79D67 /* TextNoteViewController.swift */; };
		29AAB7C529432DB2003325B8 /* PhotoNoteViewController.swift in Sources */ = {isa = PBXBuildFile; fileRef = 29AAB7C429432DB2003325B8 /* PhotoNoteViewController.swift */; };
		29AAB7CD29437D0F003325B8 /* PhotoNoteTableViewCell.swift in Sources */ = {isa = PBXBuildFile; fileRef = 29AAB7CC29437D0F003325B8 /* PhotoNoteTableViewCell.swift */; };
		29AAB7D0294399BE003325B8 /* LocalFileManager.swift in Sources */ = {isa = PBXBuildFile; fileRef = 29AAB7CF294399BE003325B8 /* LocalFileManager.swift */; };
		29CBA10E293A143C002B7C53 /* Note.swift in Sources */ = {isa = PBXBuildFile; fileRef = 29CBA10D293A143C002B7C53 /* Note.swift */; };
		29CBA110293A1B68002B7C53 /* NoteTableViewCell.swift in Sources */ = {isa = PBXBuildFile; fileRef = 29CBA10F293A1B68002B7C53 /* NoteTableViewCell.swift */; };
		29CBA116293AA598002B7C53 /* LocalStorageManager.swift in Sources */ = {isa = PBXBuildFile; fileRef = 29CBA115293AA598002B7C53 /* LocalStorageManager.swift */; };
		29CDECDE2933BD7B00AECCC6 /* AppDelegate.swift in Sources */ = {isa = PBXBuildFile; fileRef = 29CDECDD2933BD7B00AECCC6 /* AppDelegate.swift */; };
		29CDECE02933BD7B00AECCC6 /* SceneDelegate.swift in Sources */ = {isa = PBXBuildFile; fileRef = 29CDECDF2933BD7B00AECCC6 /* SceneDelegate.swift */; };
		29CDECE72933BD7C00AECCC6 /* Assets.xcassets in Resources */ = {isa = PBXBuildFile; fileRef = 29CDECE62933BD7C00AECCC6 /* Assets.xcassets */; };
		29CDECEA2933BD7C00AECCC6 /* LaunchScreen.storyboard in Resources */ = {isa = PBXBuildFile; fileRef = 29CDECE82933BD7C00AECCC6 /* LaunchScreen.storyboard */; };
		29CDECF22933BDBF00AECCC6 /* MainViewController.swift in Sources */ = {isa = PBXBuildFile; fileRef = 29CDECF12933BDBF00AECCC6 /* MainViewController.swift */; };
/* End PBXBuildFile section */

/* Begin PBXFileReference section */
		290328EA29376EFF00D79D67 /* TextNoteViewController.swift */ = {isa = PBXFileReference; lastKnownFileType = sourcecode.swift; path = TextNoteViewController.swift; sourceTree = "<group>"; };
		29AAB7C429432DB2003325B8 /* PhotoNoteViewController.swift */ = {isa = PBXFileReference; lastKnownFileType = sourcecode.swift; path = PhotoNoteViewController.swift; sourceTree = "<group>"; };
		29AAB7CC29437D0F003325B8 /* PhotoNoteTableViewCell.swift */ = {isa = PBXFileReference; lastKnownFileType = sourcecode.swift; path = PhotoNoteTableViewCell.swift; sourceTree = "<group>"; };
		29AAB7CF294399BE003325B8 /* LocalFileManager.swift */ = {isa = PBXFileReference; lastKnownFileType = sourcecode.swift; path = LocalFileManager.swift; sourceTree = "<group>"; };
		29CBA10D293A143C002B7C53 /* Note.swift */ = {isa = PBXFileReference; lastKnownFileType = sourcecode.swift; path = Note.swift; sourceTree = "<group>"; };
		29CBA10F293A1B68002B7C53 /* NoteTableViewCell.swift */ = {isa = PBXFileReference; lastKnownFileType = sourcecode.swift; path = NoteTableViewCell.swift; sourceTree = "<group>"; };
		29CBA115293AA598002B7C53 /* LocalStorageManager.swift */ = {isa = PBXFileReference; lastKnownFileType = sourcecode.swift; path = LocalStorageManager.swift; sourceTree = "<group>"; };
		29CDECDA2933BD7B00AECCC6 /* MixedNotesProject.app */ = {isa = PBXFileReference; explicitFileType = wrapper.application; includeInIndex = 0; path = MixedNotesProject.app; sourceTree = BUILT_PRODUCTS_DIR; };
		29CDECDD2933BD7B00AECCC6 /* AppDelegate.swift */ = {isa = PBXFileReference; lastKnownFileType = sourcecode.swift; path = AppDelegate.swift; sourceTree = "<group>"; };
		29CDECDF2933BD7B00AECCC6 /* SceneDelegate.swift */ = {isa = PBXFileReference; lastKnownFileType = sourcecode.swift; path = SceneDelegate.swift; sourceTree = "<group>"; };
		29CDECE62933BD7C00AECCC6 /* Assets.xcassets */ = {isa = PBXFileReference; lastKnownFileType = folder.assetcatalog; path = Assets.xcassets; sourceTree = "<group>"; };
		29CDECE92933BD7C00AECCC6 /* Base */ = {isa = PBXFileReference; lastKnownFileType = file.storyboard; name = Base; path = Base.lproj/LaunchScreen.storyboard; sourceTree = "<group>"; };
		29CDECEB2933BD7C00AECCC6 /* Info.plist */ = {isa = PBXFileReference; lastKnownFileType = text.plist.xml; path = Info.plist; sourceTree = "<group>"; };
		29CDECF12933BDBF00AECCC6 /* MainViewController.swift */ = {isa = PBXFileReference; lastKnownFileType = sourcecode.swift; path = MainViewController.swift; sourceTree = "<group>"; };
/* End PBXFileReference section */

/* Begin PBXFrameworksBuildPhase section */
		29CDECD72933BD7B00AECCC6 /* Frameworks */ = {
			isa = PBXFrameworksBuildPhase;
			buildActionMask = 2147483647;
			files = (
			);
			runOnlyForDeploymentPostprocessing = 0;
		};
/* End PBXFrameworksBuildPhase section */

/* Begin PBXGroup section */
		29AAB7C829437797003325B8 /* Model */ = {
			isa = PBXGroup;
			children = (
				29CBA10D293A143C002B7C53 /* Note.swift */,
			);
			path = Model;
			sourceTree = "<group>";
		};
		29AAB7CB29437CEF003325B8 /* Cells */ = {
			isa = PBXGroup;
			children = (
				29CBA10F293A1B68002B7C53 /* NoteTableViewCell.swift */,
				29AAB7CC29437D0F003325B8 /* PhotoNoteTableViewCell.swift */,
			);
			path = Cells;
			sourceTree = "<group>";
		};
		29AAB7CE29439998003325B8 /* Services */ = {
			isa = PBXGroup;
			children = (
				29CBA115293AA598002B7C53 /* LocalStorageManager.swift */,
				29AAB7CF294399BE003325B8 /* LocalFileManager.swift */,
			);
			path = Services;
			sourceTree = "<group>";
		};
		29CBA10C293A1421002B7C53 /* View */ = {
			isa = PBXGroup;
			children = (
				290328EA29376EFF00D79D67 /* TextNoteViewController.swift */,
				29CDECF12933BDBF00AECCC6 /* MainViewController.swift */,
				29AAB7C429432DB2003325B8 /* PhotoNoteViewController.swift */,
			);
			path = View;
			sourceTree = "<group>";
		};
		29CDECD12933BD7B00AECCC6 = {
			isa = PBXGroup;
			children = (
				29CDECDC2933BD7B00AECCC6 /* MixedNotesProject */,
				29CDECDB2933BD7B00AECCC6 /* Products */,
			);
			sourceTree = "<group>";
		};
		29CDECDB2933BD7B00AECCC6 /* Products */ = {
			isa = PBXGroup;
			children = (
				29CDECDA2933BD7B00AECCC6 /* MixedNotesProject.app */,
			);
			name = Products;
			sourceTree = "<group>";
		};
		29CDECDC2933BD7B00AECCC6 /* MixedNotesProject */ = {
			isa = PBXGroup;
			children = (
				29AAB7CE29439998003325B8 /* Services */,
				29AAB7CB29437CEF003325B8 /* Cells */,
				29AAB7C829437797003325B8 /* Model */,
				29CBA10C293A1421002B7C53 /* View */,
				29CDECDD2933BD7B00AECCC6 /* AppDelegate.swift */,
				29CDECDF2933BD7B00AECCC6 /* SceneDelegate.swift */,
				29CDECE62933BD7C00AECCC6 /* Assets.xcassets */,
				29CDECE82933BD7C00AECCC6 /* LaunchScreen.storyboard */,
				29CDECEB2933BD7C00AECCC6 /* Info.plist */,
			);
			path = MixedNotesProject;
			sourceTree = "<group>";
		};
/* End PBXGroup section */

/* Begin PBXNativeTarget section */
		29CDECD92933BD7B00AECCC6 /* MixedNotesProject */ = {
			isa = PBXNativeTarget;
			buildConfigurationList = 29CDECEE2933BD7C00AECCC6 /* Build configuration list for PBXNativeTarget "MixedNotesProject" */;
			buildPhases = (
				29CDECD62933BD7B00AECCC6 /* Sources */,
				29CDECD72933BD7B00AECCC6 /* Frameworks */,
				29CDECD82933BD7B00AECCC6 /* Resources */,
			);
			buildRules = (
			);
			dependencies = (
			);
			name = MixedNotesProject;
			productName = NotesProject;
			productReference = 29CDECDA2933BD7B00AECCC6 /* MixedNotesProject.app */;
			productType = "com.apple.product-type.application";
		};
/* End PBXNativeTarget section */

/* Begin PBXProject section */
		29CDECD22933BD7B00AECCC6 /* Project object */ = {
			isa = PBXProject;
			attributes = {
				BuildIndependentTargetsInParallel = 1;
				LastSwiftUpdateCheck = 1410;
				LastUpgradeCheck = 1410;
				TargetAttributes = {
					29CDECD92933BD7B00AECCC6 = {
						CreatedOnToolsVersion = 14.1;
					};
				};
			};
			buildConfigurationList = 29CDECD52933BD7B00AECCC6 /* Build configuration list for PBXProject "MixedNotesProject" */;
			compatibilityVersion = "Xcode 14.0";
			developmentRegion = en;
			hasScannedForEncodings = 0;
			knownRegions = (
				en,
				Base,
			);
			mainGroup = 29CDECD12933BD7B00AECCC6;
			productRefGroup = 29CDECDB2933BD7B00AECCC6 /* Products */;
			projectDirPath = "";
			projectRoot = "";
			targets = (
				29CDECD92933BD7B00AECCC6 /* MixedNotesProject */,
			);
		};
/* End PBXProject section */

/* Begin PBXResourcesBuildPhase section */
		29CDECD82933BD7B00AECCC6 /* Resources */ = {
			isa = PBXResourcesBuildPhase;
			buildActionMask = 2147483647;
			files = (
				29CDECEA2933BD7C00AECCC6 /* LaunchScreen.storyboard in Resources */,
				29CDECE72933BD7C00AECCC6 /* Assets.xcassets in Resources */,
			);
			runOnlyForDeploymentPostprocessing = 0;
		};
/* End PBXResourcesBuildPhase section */

/* Begin PBXSourcesBuildPhase section */
		29CDECD62933BD7B00AECCC6 /* Sources */ = {
			isa = PBXSourcesBuildPhase;
			buildActionMask = 2147483647;
			files = (
				290328EB29376EFF00D79D67 /* TextNoteViewController.swift in Sources */,
				29CDECF22933BDBF00AECCC6 /* MainViewController.swift in Sources */,
				29CDECDE2933BD7B00AECCC6 /* AppDelegate.swift in Sources */,
				29CDECE02933BD7B00AECCC6 /* SceneDelegate.swift in Sources */,
				29CBA110293A1B68002B7C53 /* NoteTableViewCell.swift in Sources */,
				29CBA10E293A143C002B7C53 /* Note.swift in Sources */,
				29CBA116293AA598002B7C53 /* LocalStorageManager.swift in Sources */,
				29AAB7D0294399BE003325B8 /* LocalFileManager.swift in Sources */,
				29AAB7C529432DB2003325B8 /* PhotoNoteViewController.swift in Sources */,
				29AAB7CD29437D0F003325B8 /* PhotoNoteTableViewCell.swift in Sources */,
			);
			runOnlyForDeploymentPostprocessing = 0;
		};
/* End PBXSourcesBuildPhase section */

/* Begin PBXVariantGroup section */
		29CDECE82933BD7C00AECCC6 /* LaunchScreen.storyboard */ = {
			isa = PBXVariantGroup;
			children = (
				29CDECE92933BD7C00AECCC6 /* Base */,
			);
			name = LaunchScreen.storyboard;
			sourceTree = "<group>";
		};
/* End PBXVariantGroup section */

/* Begin XCBuildConfiguration section */
		29CDECEC2933BD7C00AECCC6 /* Debug */ = {
			isa = XCBuildConfiguration;
			buildSettings = {
				ALWAYS_SEARCH_USER_PATHS = NO;
				CLANG_ANALYZER_NONNULL = YES;
				CLANG_ANALYZER_NUMBER_OBJECT_CONVERSION = YES_AGGRESSIVE;
				CLANG_CXX_LANGUAGE_STANDARD = "gnu++20";
				CLANG_ENABLE_MODULES = YES;
				CLANG_ENABLE_OBJC_ARC = YES;
				CLANG_ENABLE_OBJC_WEAK = YES;
				CLANG_WARN_BLOCK_CAPTURE_AUTORELEASING = YES;
				CLANG_WARN_BOOL_CONVERSION = YES;
				CLANG_WARN_COMMA = YES;
				CLANG_WARN_CONSTANT_CONVERSION = YES;
				CLANG_WARN_DEPRECATED_OBJC_IMPLEMENTATIONS = YES;
				CLANG_WARN_DIRECT_OBJC_ISA_USAGE = YES_ERROR;
				CLANG_WARN_DOCUMENTATION_COMMENTS = YES;
				CLANG_WARN_EMPTY_BODY = YES;
				CLANG_WARN_ENUM_CONVERSION = YES;
				CLANG_WARN_INFINITE_RECURSION = YES;
				CLANG_WARN_INT_CONVERSION = YES;
				CLANG_WARN_NON_LITERAL_NULL_CONVERSION = YES;
				CLANG_WARN_OBJC_IMPLICIT_RETAIN_SELF = YES;
				CLANG_WARN_OBJC_LITERAL_CONVERSION = YES;
				CLANG_WARN_OBJC_ROOT_CLASS = YES_ERROR;
				CLANG_WARN_QUOTED_INCLUDE_IN_FRAMEWORK_HEADER = YES;
				CLANG_WARN_RANGE_LOOP_ANALYSIS = YES;
				CLANG_WARN_STRICT_PROTOTYPES = YES;
				CLANG_WARN_SUSPICIOUS_MOVE = YES;
				CLANG_WARN_UNGUARDED_AVAILABILITY = YES_AGGRESSIVE;
				CLANG_WARN_UNREACHABLE_CODE = YES;
				CLANG_WARN__DUPLICATE_METHOD_MATCH = YES;
				COPY_PHASE_STRIP = NO;
				DEBUG_INFORMATION_FORMAT = dwarf;
				ENABLE_STRICT_OBJC_MSGSEND = YES;
				ENABLE_TESTABILITY = YES;
				GCC_C_LANGUAGE_STANDARD = gnu11;
				GCC_DYNAMIC_NO_PIC = NO;
				GCC_NO_COMMON_BLOCKS = YES;
				GCC_OPTIMIZATION_LEVEL = 0;
				GCC_PREPROCESSOR_DEFINITIONS = (
					"DEBUG=1",
					"$(inherited)",
				);
				GCC_WARN_64_TO_32_BIT_CONVERSION = YES;
				GCC_WARN_ABOUT_RETURN_TYPE = YES_ERROR;
				GCC_WARN_UNDECLARED_SELECTOR = YES;
				GCC_WARN_UNINITIALIZED_AUTOS = YES_AGGRESSIVE;
				GCC_WARN_UNUSED_FUNCTION = YES;
				GCC_WARN_UNUSED_VARIABLE = YES;
				IPHONEOS_DEPLOYMENT_TARGET = 16.1;
				MTL_ENABLE_DEBUG_INFO = INCLUDE_SOURCE;
				MTL_FAST_MATH = YES;
				ONLY_ACTIVE_ARCH = YES;
				SDKROOT = iphoneos;
				SWIFT_ACTIVE_COMPILATION_CONDITIONS = DEBUG;
				SWIFT_OPTIMIZATION_LEVEL = "-Onone";
			};
			name = Debug;
		};
		29CDECED2933BD7C00AECCC6 /* Release */ = {
			isa = XCBuildConfiguration;
			buildSettings = {
				ALWAYS_SEARCH_USER_PATHS = NO;
				CLANG_ANALYZER_NONNULL = YES;
				CLANG_ANALYZER_NUMBER_OBJECT_CONVERSION = YES_AGGRESSIVE;
				CLANG_CXX_LANGUAGE_STANDARD = "gnu++20";
				CLANG_ENABLE_MODULES = YES;
				CLANG_ENABLE_OBJC_ARC = YES;
				CLANG_ENABLE_OBJC_WEAK = YES;
				CLANG_WARN_BLOCK_CAPTURE_AUTORELEASING = YES;
				CLANG_WARN_BOOL_CONVERSION = YES;
				CLANG_WARN_COMMA = YES;
				CLANG_WARN_CONSTANT_CONVERSION = YES;
				CLANG_WARN_DEPRECATED_OBJC_IMPLEMENTATIONS = YES;
				CLANG_WARN_DIRECT_OBJC_ISA_USAGE = YES_ERROR;
				CLANG_WARN_DOCUMENTATION_COMMENTS = YES;
				CLANG_WARN_EMPTY_BODY = YES;
				CLANG_WARN_ENUM_CONVERSION = YES;
				CLANG_WARN_INFINITE_RECURSION = YES;
				CLANG_WARN_INT_CONVERSION = YES;
				CLANG_WARN_NON_LITERAL_NULL_CONVERSION = YES;
				CLANG_WARN_OBJC_IMPLICIT_RETAIN_SELF = YES;
				CLANG_WARN_OBJC_LITERAL_CONVERSION = YES;
				CLANG_WARN_OBJC_ROOT_CLASS = YES_ERROR;
				CLANG_WARN_QUOTED_INCLUDE_IN_FRAMEWORK_HEADER = YES;
				CLANG_WARN_RANGE_LOOP_ANALYSIS = YES;
				CLANG_WARN_STRICT_PROTOTYPES = YES;
				CLANG_WARN_SUSPICIOUS_MOVE = YES;
				CLANG_WARN_UNGUARDED_AVAILABILITY = YES_AGGRESSIVE;
				CLANG_WARN_UNREACHABLE_CODE = YES;
				CLANG_WARN__DUPLICATE_METHOD_MATCH = YES;
				COPY_PHASE_STRIP = NO;
				DEBUG_INFORMATION_FORMAT = "dwarf-with-dsym";
				ENABLE_NS_ASSERTIONS = NO;
				ENABLE_STRICT_OBJC_MSGSEND = YES;
				GCC_C_LANGUAGE_STANDARD = gnu11;
				GCC_NO_COMMON_BLOCKS = YES;
				GCC_WARN_64_TO_32_BIT_CONVERSION = YES;
				GCC_WARN_ABOUT_RETURN_TYPE = YES_ERROR;
				GCC_WARN_UNDECLARED_SELECTOR = YES;
				GCC_WARN_UNINITIALIZED_AUTOS = YES_AGGRESSIVE;
				GCC_WARN_UNUSED_FUNCTION = YES;
				GCC_WARN_UNUSED_VARIABLE = YES;
				IPHONEOS_DEPLOYMENT_TARGET = 16.1;
				MTL_ENABLE_DEBUG_INFO = NO;
				MTL_FAST_MATH = YES;
				SDKROOT = iphoneos;
				SWIFT_COMPILATION_MODE = wholemodule;
				SWIFT_OPTIMIZATION_LEVEL = "-O";
				VALIDATE_PRODUCT = YES;
			};
			name = Release;
		};
		29CDECEF2933BD7C00AECCC6 /* Debug */ = {
			isa = XCBuildConfiguration;
			buildSettings = {
				ASSETCATALOG_COMPILER_APPICON_NAME = AppIcon;
				ASSETCATALOG_COMPILER_GLOBAL_ACCENT_COLOR_NAME = AccentColor;
				CODE_SIGN_STYLE = Automatic;
				CURRENT_PROJECT_VERSION = 1;
				DEVELOPMENT_TEAM = ZA8S3A839R;
				GENERATE_INFOPLIST_FILE = YES;
				INFOPLIST_FILE = MixedNotesProject/Info.plist;
				INFOPLIST_KEY_UIApplicationSupportsIndirectInputEvents = YES;
				INFOPLIST_KEY_UILaunchStoryboardName = LaunchScreen;
				INFOPLIST_KEY_UISupportedInterfaceOrientations_iPad = "UIInterfaceOrientationPortrait UIInterfaceOrientationPortraitUpsideDown UIInterfaceOrientationLandscapeLeft UIInterfaceOrientationLandscapeRight";
				INFOPLIST_KEY_UISupportedInterfaceOrientations_iPhone = "UIInterfaceOrientationPortrait UIInterfaceOrientationLandscapeLeft UIInterfaceOrientationLandscapeRight";
				IPHONEOS_DEPLOYMENT_TARGET = 16.0;
				LD_RUNPATH_SEARCH_PATHS = (
					"$(inherited)",
					"@executable_path/Frameworks",
				);
				MARKETING_VERSION = 1.0;
				PRODUCT_BUNDLE_IDENTIFIER = "com.itis.studentWork.-MixedNotesProject";
				PRODUCT_NAME = "$(TARGET_NAME)";
				SUPPORTED_PLATFORMS = "iphoneos iphonesimulator";
				SUPPORTS_MACCATALYST = NO;
				SUPPORTS_MAC_DESIGNED_FOR_IPHONE_IPAD = NO;
				SWIFT_EMIT_LOC_STRINGS = YES;
				SWIFT_VERSION = 5.0;
				TARGETED_DEVICE_FAMILY = 1;
			};
			name = Debug;
		};
		29CDECF02933BD7C00AECCC6 /* Release */ = {
			isa = XCBuildConfiguration;
			buildSettings = {
				ASSETCATALOG_COMPILER_APPICON_NAME = AppIcon;
				ASSETCATALOG_COMPILER_GLOBAL_ACCENT_COLOR_NAME = AccentColor;
				CODE_SIGN_STYLE = Automatic;
				CURRENT_PROJECT_VERSION = 1;
				DEVELOPMENT_TEAM = ZA8S3A839R;
				GENERATE_INFOPLIST_FILE = YES;
				INFOPLIST_FILE = MixedNotesProject/Info.plist;
				INFOPLIST_KEY_UIApplicationSupportsIndirectInputEvents = YES;
				INFOPLIST_KEY_UILaunchStoryboardName = LaunchScreen;
				INFOPLIST_KEY_UISupportedInterfaceOrientations_iPad = "UIInterfaceOrientationPortrait UIInterfaceOrientationPortraitUpsideDown UIInterfaceOrientationLandscapeLeft UIInterfaceOrientationLandscapeRight";
				INFOPLIST_KEY_UISupportedInterfaceOrientations_iPhone = "UIInterfaceOrientationPortrait UIInterfaceOrientationLandscapeLeft UIInterfaceOrientationLandscapeRight";
				IPHONEOS_DEPLOYMENT_TARGET = 16.0;
				LD_RUNPATH_SEARCH_PATHS = (
					"$(inherited)",
					"@executable_path/Frameworks",
				);
				MARKETING_VERSION = 1.0;
				PRODUCT_BUNDLE_IDENTIFIER = "com.itis.studentWork.-MixedNotesProject";
				PRODUCT_NAME = "$(TARGET_NAME)";
				SUPPORTED_PLATFORMS = "iphoneos iphonesimulator";
				SUPPORTS_MACCATALYST = NO;
				SUPPORTS_MAC_DESIGNED_FOR_IPHONE_IPAD = NO;
				SWIFT_EMIT_LOC_STRINGS = YES;
				SWIFT_VERSION = 5.0;
				TARGETED_DEVICE_FAMILY = 1;
			};
			name = Release;
		};
/* End XCBuildConfiguration section */

/* Begin XCConfigurationList section */
		29CDECD52933BD7B00AECCC6 /* Build configuration list for PBXProject "MixedNotesProject" */ = {
			isa = XCConfigurationList;
			buildConfigurations = (
				29CDECEC2933BD7C00AECCC6 /* Debug */,
				29CDECED2933BD7C00AECCC6 /* Release */,
			);
			defaultConfigurationIsVisible = 0;
			defaultConfigurationName = Release;
		};
		29CDECEE2933BD7C00AECCC6 /* Build configuration list for PBXNativeTarget "MixedNotesProject" */ = {
			isa = XCConfigurationList;
			buildConfigurations = (
				29CDECEF2933BD7C00AECCC6 /* Debug */,
				29CDECF02933BD7C00AECCC6 /* Release */,
			);
			defaultConfigurationIsVisible = 0;
			defaultConfigurationName = Release;
		};
/* End XCConfigurationList section */
	};
	rootObject = 29CDECD22933BD7B00AECCC6 /* Project object */;
}
